
Microsoft Visual Studio Solution File, Format Version 12.00
# Visual Studio 15
VisualStudioVersion = 15.0.28010.2026
MinimumVisualStudioVersion = 10.0.40219.1
Project("{FAE04EC0-301F-11D3-BF4B-00C04F79EFBC}") = "Kata-HumanReadableTime", "Kata-HumanReadableTime\Kata-HumanReadableTime.csproj", "{A9FE02D8-36AB-44A7-ADF0-C2E54D62CCAB}"
EndProject
Global
	GlobalSection(SolutionConfigurationPlatforms) = preSolution
		Debug|Any CPU = Debug|Any CPU
		Release|Any CPU = Release|Any CPU
	EndGlobalSection
	GlobalSection(ProjectConfigurationPlatforms) = postSolution
		{A9FE02D8-36AB-44A7-ADF0-C2E54D62CCAB}.Debug|Any CPU.ActiveCfg = Debug|Any CPU
		{A9FE02D8-36AB-44A7-ADF0-C2E54D62CCAB}.Debug|Any CPU.Build.0 = Debug|Any CPU
		{A9FE02D8-36AB-44A7-ADF0-C2E54D62CCAB}.Release|Any CPU.ActiveCfg = Release|Any CPU
		{A9FE02D8-36AB-44A7-ADF0-C2E54D62CCAB}.Release|Any CPU.Build.0 = Release|Any CPU
	EndGlobalSection
	GlobalSection(SolutionProperties) = preSolution
		HideSolutionNode = FALSE
	EndGlobalSection
	GlobalSection(ExtensibilityGlobals) = postSolution
		SolutionGuid = {D2C2BE09-4726-4A7C-A733-0CFFC015ABC1}
	EndGlobalSection
EndGlobal
